# mode=all-in-one env=drill generated=2026-10-06T22:58:12+08:00
# format: <src> <harbor-target>
docker.io/bats/bats:v1.4.1	harbor.test.baokuaiyun.com/baokuaiyun/bats-bats:v1.4.1
docker.io/goharbor/harbor-core:v2.11.0	harbor.test.baokuaiyun.com/baokuaiyun/goharbor-harbor-core:v2.11.0
docker.io/goharbor/harbor-exporter:v2.11.0	harbor.test.baokuaiyun.com/baokuaiyun/goharbor-harbor-exporter:v2.11.0
docker.io/goharbor/harbor-jobservice:v2.11.0	harbor.test.baokuaiyun.com/baokuaiyun/goharbor-harbor-jobservice:v2.11.0
docker.io/goharbor/harbor-portal:v2.11.0	harbor.test.baokuaiyun.com/baokuaiyun/goharbor-harbor-portal:v2.11.0
docker.io/goharbor/harbor-registryctl:v2.11.0	harbor.test.baokuaiyun.com/baokuaiyun/goharbor-harbor-registryctl:v2.11.0
docker.io/goharbor/nginx-photon:v2.11.0	harbor.test.baokuaiyun.com/baokuaiyun/goharbor-nginx-photon:v2.11.0
docker.io/goharbor/registry-photon:v2.11.0	harbor.test.baokuaiyun.com/baokuaiyun/goharbor-registry-photon:v2.11.0
docker.io/goharbor/trivy-adapter-photon:v2.11.0	harbor.test.baokuaiyun.com/baokuaiyun/goharbor-trivy-adapter-photon:v2.11.0
docker.io/grafana/grafana:11.2.2-security-01	harbor.test.baokuaiyun.com/baokuaiyun/grafana-grafana:11.2.2-security-01
docker.io/grafana/loki:3.3.0	harbor.test.baokuaiyun.com/baokuaiyun/grafana-loki:3.3.0
docker.io/grafana/promtail:3.0.0	harbor.test.baokuaiyun.com/baokuaiyun/grafana-promtail:3.0.0
docker.io/longhornio/backing-image-manager:v1.7.0	harbor.test.baokuaiyun.com/baokuaiyun/longhornio-backing-image-manager:v1.7.0
docker.io/longhornio/csi-attacher:v4.6.1	harbor.test.baokuaiyun.com/baokuaiyun/longhornio-csi-attacher:v4.6.1
docker.io/longhornio/csi-node-driver-registrar:v2.11.1	harbor.test.baokuaiyun.com/baokuaiyun/longhornio-csi-node-driver-registrar:v2.11.1
docker.io/longhornio/csi-provisioner:v4.0.1	harbor.test.baokuaiyun.com/baokuaiyun/longhornio-csi-provisioner:v4.0.1
docker.io/longhornio/csi-resizer:v1.11.1	harbor.test.baokuaiyun.com/baokuaiyun/longhornio-csi-resizer:v1.11.1
docker.io/longhornio/csi-snapshotter:v7.0.2	harbor.test.baokuaiyun.com/baokuaiyun/longhornio-csi-snapshotter:v7.0.2
docker.io/longhornio/livenessprobe:v2.13.1	harbor.test.baokuaiyun.com/baokuaiyun/longhornio-livenessprobe:v2.13.1
docker.io/longhornio/longhorn-engine:v1.7.0	harbor.test.baokuaiyun.com/baokuaiyun/longhornio-longhorn-engine:v1.7.0
docker.io/longhornio/longhorn-instance-manager:v1.7.0	harbor.test.baokuaiyun.com/baokuaiyun/longhornio-longhorn-instance-manager:v1.7.0
docker.io/longhornio/longhorn-manager:v1.7.0	harbor.test.baokuaiyun.com/baokuaiyun/longhornio-longhorn-manager:v1.7.0
docker.io/longhornio/longhorn-share-manager:v1.7.0	harbor.test.baokuaiyun.com/baokuaiyun/longhornio-longhorn-share-manager:v1.7.0
docker.io/longhornio/longhorn-ui:v1.7.0	harbor.test.baokuaiyun.com/baokuaiyun/longhornio-longhorn-ui:v1.7.0
ghcr.io/cloudnative-pg/cloudnative-pg:1.25.1	harbor.test.baokuaiyun.com/baokuaiyun/cloudnative-pg-cloudnative-pg:1.25.1
ghcr.io/cloudnative-pg/postgresql:16.4	harbor.test.baokuaiyun.com/baokuaiyun/cloudnative-pg-postgresql:16.4
ghcr.io/controlplaneio-fluxcd/flux-operator-manifests:v0.61.0	harbor.test.baokuaiyun.com/baokuaiyun/flux-operator-manifests:latest
ghcr.io/controlplaneio-fluxcd/flux-operator:v0.61.0	harbor.test.baokuaiyun.com/baokuaiyun/fluxcd/flux-operator:v0.61.0
ghcr.io/fluxcd/helm-controller:v1.6.5	harbor.test.baokuaiyun.com/baokuaiyun/helm-controller:v1.6.5
ghcr.io/fluxcd/kustomize-controller:v1.9.6	harbor.test.baokuaiyun.com/baokuaiyun/kustomize-controller:v1.9.6
ghcr.io/fluxcd/notification-controller:v1.9.4	harbor.test.baokuaiyun.com/baokuaiyun/notification-controller:v1.9.4
ghcr.io/fluxcd/source-controller:v1.9.6	harbor.test.baokuaiyun.com/baokuaiyun/source-controller:v1.9.6
ghcr.io/fluxcd/source-watcher:v2.2.4	harbor.test.baokuaiyun.com/baokuaiyun/source-watcher:v2.2.4
ghcr.io/kgateway-dev/kgateway:v2.4.5	harbor.test.baokuaiyun.com/baokuaiyun/kgateway-dev-kgateway:v2.4.5
ghcr.io/ot-container-kit/redis-operator/redis-operator:v0.17.0	harbor.test.baokuaiyun.com/baokuaiyun/ot-container-kit-redis-operator-redis-operator:v0.17.0
quay.io/cilium/certgen:v0.2.0	harbor.test.baokuaiyun.com/baokuaiyun/cilium-certgen:v0.2.0
quay.io/cilium/cilium-envoy:v1.29.7-39a2a56bbd5b3a591f69dbca51d3e30ef97e0e51	harbor.test.baokuaiyun.com/baokuaiyun/cilium-cilium-envoy:v1.29.7-39a2a56bbd5b3a591f69dbca51d3e30ef97e0e51
quay.io/cilium/cilium:v1.16.0	harbor.test.baokuaiyun.com/baokuaiyun/cilium-cilium:v1.16.0
quay.io/cilium/hubble-relay:v1.16.0	harbor.test.baokuaiyun.com/baokuaiyun/cilium-hubble-relay:v1.16.0
quay.io/cilium/hubble-ui-backend:v0.13.1	harbor.test.baokuaiyun.com/baokuaiyun/cilium-hubble-ui-backend:v0.13.1
quay.io/cilium/hubble-ui:v0.13.1	harbor.test.baokuaiyun.com/baokuaiyun/cilium-hubble-ui:v0.13.1
quay.io/cilium/operator-generic:v1.16.0	harbor.test.baokuaiyun.com/baokuaiyun/cilium-operator-generic:v1.16.0
quay.io/jetstack/cert-manager-acmesolver:v1.15.3	harbor.test.baokuaiyun.com/baokuaiyun/jetstack-cert-manager-acmesolver:v1.15.3
quay.io/jetstack/cert-manager-cainjector:v1.15.3	harbor.test.baokuaiyun.com/baokuaiyun/jetstack-cert-manager-cainjector:v1.15.3
quay.io/jetstack/cert-manager-controller:v1.15.3	harbor.test.baokuaiyun.com/baokuaiyun/jetstack-cert-manager-controller:v1.15.3
quay.io/jetstack/cert-manager-startupapicheck:v1.15.3	harbor.test.baokuaiyun.com/baokuaiyun/jetstack-cert-manager-startupapicheck:v1.15.3
quay.io/jetstack/cert-manager-webhook:v1.15.3	harbor.test.baokuaiyun.com/baokuaiyun/jetstack-cert-manager-webhook:v1.15.3
quay.io/kiwigrid/k8s-sidecar:1.28.0	harbor.test.baokuaiyun.com/baokuaiyun/kiwigrid-k8s-sidecar:1.28.0
quay.io/opstree/redis-exporter:v1.44.0	harbor.test.baokuaiyun.com/baokuaiyun/opstree-redis-exporter:v1.44.0
quay.io/opstree/redis-sentinel:v7.0.15	harbor.test.baokuaiyun.com/baokuaiyun/opstree-redis-sentinel:v7.0.15
quay.io/opstree/redis:v7.0.15	harbor.test.baokuaiyun.com/baokuaiyun/opstree-redis:v7.0.15
quay.io/prometheus-operator/prometheus-config-reloader:v0.77.2	harbor.test.baokuaiyun.com/baokuaiyun/prometheus-operator-prometheus-config-reloader:v0.77.2
quay.io/prometheus-operator/prometheus-operator:v0.77.2	harbor.test.baokuaiyun.com/baokuaiyun/prometheus-operator-prometheus-operator:v0.77.2
quay.io/prometheus/alertmanager:v0.27.0	harbor.test.baokuaiyun.com/baokuaiyun/prometheus-alertmanager:v0.27.0
quay.io/prometheus/blackbox-exporter:v0.28.0	harbor.test.baokuaiyun.com/baokuaiyun/prometheus-blackbox-exporter:v0.28.0
quay.io/prometheus/node-exporter:v1.8.2	harbor.test.baokuaiyun.com/baokuaiyun/prometheus-node-exporter:v1.8.2
quay.io/prometheus/prometheus:v2.55.0	harbor.test.baokuaiyun.com/baokuaiyun/prometheus-prometheus:v2.55.0
registry.gitlab.com/gitlab-org/build/cng/certificates:v19.4.1	harbor.test.baokuaiyun.com/baokuaiyun/certificates:v19.4.1
registry.gitlab.com/gitlab-org/build/cng/cfssl-self-sign:v19.4.1	harbor.test.baokuaiyun.com/baokuaiyun/cfssl-self-sign:v19.4.1
registry.gitlab.com/gitlab-org/build/cng/gitaly:v19.4.1	harbor.test.baokuaiyun.com/baokuaiyun/gitaly:v19.4.1
registry.gitlab.com/gitlab-org/build/cng/gitlab-base:v19.4.1	harbor.test.baokuaiyun.com/baokuaiyun/gitlab-base:v19.4.1
registry.gitlab.com/gitlab-org/build/cng/gitlab-container-registry:v4.40.2-gitlab	harbor.test.baokuaiyun.com/baokuaiyun/gitlab-container-registry:v4.40.2-gitlab
registry.gitlab.com/gitlab-org/build/cng/gitlab-exporter:17.0.2	harbor.test.baokuaiyun.com/baokuaiyun/gitlab-exporter:17.0.2
registry.gitlab.com/gitlab-org/build/cng/gitlab-kas:v19.4.1	harbor.test.baokuaiyun.com/baokuaiyun/gitlab-kas:v19.4.1
registry.gitlab.com/gitlab-org/build/cng/gitlab-shell:v14.57.3	harbor.test.baokuaiyun.com/baokuaiyun/gitlab-shell:v14.57.3
registry.gitlab.com/gitlab-org/build/cng/gitlab-sidekiq-ce:v19.4.1	harbor.test.baokuaiyun.com/baokuaiyun/gitlab-sidekiq-ce:v19.4.1
registry.gitlab.com/gitlab-org/build/cng/gitlab-toolbox-ce:v19.4.1	harbor.test.baokuaiyun.com/baokuaiyun/gitlab-toolbox-ce:v19.4.1
registry.gitlab.com/gitlab-org/build/cng/gitlab-webservice-ce:v19.4.1	harbor.test.baokuaiyun.com/baokuaiyun/gitlab-webservice-ce:v19.4.1
registry.gitlab.com/gitlab-org/build/cng/gitlab-workhorse-ce:v19.4.1	harbor.test.baokuaiyun.com/baokuaiyun/gitlab-workhorse-ce:v19.4.1
registry.gitlab.com/gitlab-org/build/cng/kubectl:v19.4.1	harbor.test.baokuaiyun.com/baokuaiyun/kubectl:v19.4.1
registry.gitlab.com/gitlab-org/cloud-native/gitlab-operator:3.4.1	harbor.test.baokuaiyun.com/baokuaiyun/gitlab-operator:3.4.1
registry.k8s.io/ingress-nginx/kube-webhook-certgen:v20221220-controller-v1.5.1-58-g787ea74b6	harbor.test.baokuaiyun.com/baokuaiyun/ingress-nginx-kube-webhook-certgen:v20221220-controller-v1.5.1-58-g787ea74b6
registry.k8s.io/kube-state-metrics/kube-state-metrics:v2.13.0	harbor.test.baokuaiyun.com/baokuaiyun/kube-state-metrics-kube-state-metrics:v2.13.0
